
Microsoft Visual Studio Solution File, Format Version 12.00
# Visual Studio 15
VisualStudioVersion = 15.0.28307.705
MinimumVisualStudioVersion = 10.0.40219.1
Project("{FAE04EC0-301F-11D3-BF4B-00C04F79EFBC}") = "EFCoreDome", "EFCoreDome\EFCoreDome.csproj", "{CF776C66-018A-457E-BF2A-951A3DF3767F}"
EndProject
Global
	GlobalSection(SolutionConfigurationPlatforms) = preSolution
		Debug|Any CPU = Debug|Any CPU
		Release|Any CPU = Release|Any CPU
	EndGlobalSection
	GlobalSection(ProjectConfigurationPlatforms) = postSolution
		{CF776C66-018A-457E-BF2A-951A3DF3767F}.Debug|Any CPU.ActiveCfg = Debug|Any CPU
		{CF776C66-018A-457E-BF2A-951A3DF3767F}.Debug|Any CPU.Build.0 = Debug|Any CPU
		{CF776C66-018A-457E-BF2A-951A3DF3767F}.Release|Any CPU.ActiveCfg = Release|Any CPU
		{CF776C66-018A-457E-BF2A-951A3DF3767F}.Release|Any CPU.Build.0 = Release|Any CPU
	EndGlobalSection
	GlobalSection(SolutionProperties) = preSolution
		HideSolutionNode = FALSE
	EndGlobalSection
	GlobalSection(ExtensibilityGlobals) = postSolution
		SolutionGuid = {A11BA3FF-184D-4056-B8DB-2F6F805ECD20}
	EndGlobalSection
EndGlobal
